
Microsoft Visual Studio Solution File, Format Version 12.00
# Visual Studio 14
VisualStudioVersion = 14.0.24720.0
MinimumVisualStudioVersion = 10.0.40219.1
Project("{FAE04EC0-301F-11D3-BF4B-00C04F79EFBC}") = "Xjsaber.Web.Webform", "Xjsaber.Web.Webform\Xjsaber.Web.Webform.csproj", "{411AA945-BFAA-401E-9F79-0DA508C70832}"
EndProject
Project("{FAE04EC0-301F-11D3-BF4B-00C04F79EFBC}") = "Xjsaber.Web.Tests", "Xjsaber.Web.Tests\Xjsaber.Web.Tests.csproj", "{6993C32B-4292-4873-858F-A5400E39DE51}"
EndProject
Project("{2150E333-8FDC-42A3-9474-1A3956D46DE8}") = "Utils", "Utils", "{23166A99-EBB2-4454-AA65-49B7E47A34D0}"
EndProject
Project("{2150E333-8FDC-42A3-9474-1A3956D46DE8}") = "Web", "Web", "{88561228-C8EC-4027-9499-1467CF9177F3}"
EndProject
Project("{FAE04EC0-301F-11D3-BF4B-00C04F79EFBC}") = "Xjsaber.Web.Mvc", "Xjsaber.Web.Mvc\Xjsaber.Web.Mvc.csproj", "{AB0AC94B-FB63-4CF9-AA32-4C4CC9D32EE8}"
EndProject
Project("{FAE04EC0-301F-11D3-BF4B-00C04F79EFBC}") = "Xjsaber.Web.Service", "Xjsaber.Web.Service\Xjsaber.Web.Service.csproj", "{1B06F0CA-D3E3-4B5E-8111-717CBD65DE3B}"
EndProject
Project("{2150E333-8FDC-42A3-9474-1A3956D46DE8}") = "Service", "Service", "{C2512693-08F0-4B30-A2EA-F9B773BD7AC8}"
EndProject
Project("{FAE04EC0-301F-11D3-BF4B-00C04F79EFBC}") = "Xjsaber.Web.IService", "Xjsaber.Web.IService\Xjsaber.Web.IService.csproj", "{274FEAE2-4F63-405C-9EC4-6F456297C5BA}"
EndProject
Project("{2150E333-8FDC-42A3-9474-1A3956D46DE8}") = "Base", "Base", "{24C12005-3FB6-4417-869A-3F099E245D66}"
EndProject
Project("{FAE04EC0-301F-11D3-BF4B-00C04F79EFBC}") = "Xjsaber.Web.Core", "Xjsaber.Web.Core\Xjsaber.Web.Core.csproj", "{529543F6-B2D8-4711-BB87-E8C0C2FA8973}"
EndProject
Project("{FAE04EC0-301F-11D3-BF4B-00C04F79EFBC}") = "Xjsaber.Web.Entities", "Xjsaber.Web.Entities\Xjsaber.Web.Entities.csproj", "{07E272A2-42BE-476E-813F-3D7A6549BA90}"
EndProject
Project("{FAE04EC0-301F-11D3-BF4B-00C04F79EFBC}") = "Xjsaber.Web.Utils", "Xjsaber.Web.Utils\Xjsaber.Web.Utils.csproj", "{C41BFB42-8757-4B7D-826E-2962E81603E6}"
EndProject
Global
	GlobalSection(SolutionConfigurationPlatforms) = preSolution
		Debug|Any CPU = Debug|Any CPU
		Release|Any CPU = Release|Any CPU
	EndGlobalSection
	GlobalSection(ProjectConfigurationPlatforms) = postSolution
		{411AA945-BFAA-401E-9F79-0DA508C70832}.Debug|Any CPU.ActiveCfg = Debug|Any CPU
		{411AA945-BFAA-401E-9F79-0DA508C70832}.Debug|Any CPU.Build.0 = Debug|Any CPU
		{411AA945-BFAA-401E-9F79-0DA508C70832}.Release|Any CPU.ActiveCfg = Release|Any CPU
		{411AA945-BFAA-401E-9F79-0DA508C70832}.Release|Any CPU.Build.0 = Release|Any CPU
		{6993C32B-4292-4873-858F-A5400E39DE51}.Debug|Any CPU.ActiveCfg = Debug|Any CPU
		{6993C32B-4292-4873-858F-A5400E39DE51}.Debug|Any CPU.Build.0 = Debug|Any CPU
		{6993C32B-4292-4873-858F-A5400E39DE51}.Release|Any CPU.ActiveCfg = Release|Any CPU
		{6993C32B-4292-4873-858F-A5400E39DE51}.Release|Any CPU.Build.0 = Release|Any CPU
		{AB0AC94B-FB63-4CF9-AA32-4C4CC9D32EE8}.Debug|Any CPU.ActiveCfg = Debug|Any CPU
		{AB0AC94B-FB63-4CF9-AA32-4C4CC9D32EE8}.Debug|Any CPU.Build.0 = Debug|Any CPU
		{AB0AC94B-FB63-4CF9-AA32-4C4CC9D32EE8}.Release|Any CPU.ActiveCfg = Release|Any CPU
		{AB0AC94B-FB63-4CF9-AA32-4C4CC9D32EE8}.Release|Any CPU.Build.0 = Release|Any CPU
		{1B06F0CA-D3E3-4B5E-8111-717CBD65DE3B}.Debug|Any CPU.ActiveCfg = Debug|Any CPU
		{1B06F0CA-D3E3-4B5E-8111-717CBD65DE3B}.Debug|Any CPU.Build.0 = Debug|Any CPU
		{1B06F0CA-D3E3-4B5E-8111-717CBD65DE3B}.Release|Any CPU.ActiveCfg = Release|Any CPU
		{1B06F0CA-D3E3-4B5E-8111-717CBD65DE3B}.Release|Any CPU.Build.0 = Release|Any CPU
		{274FEAE2-4F63-405C-9EC4-6F456297C5BA}.Debug|Any CPU.ActiveCfg = Debug|Any CPU
		{274FEAE2-4F63-405C-9EC4-6F456297C5BA}.Debug|Any CPU.Build.0 = Debug|Any CPU
		{274FEAE2-4F63-405C-9EC4-6F456297C5BA}.Release|Any CPU.ActiveCfg = Release|Any CPU
		{274FEAE2-4F63-405C-9EC4-6F456297C5BA}.Release|Any CPU.Build.0 = Release|Any CPU
		{529543F6-B2D8-4711-BB87-E8C0C2FA8973}.Debug|Any CPU.ActiveCfg = Debug|Any CPU
		{529543F6-B2D8-4711-BB87-E8C0C2FA8973}.Debug|Any CPU.Build.0 = Debug|Any CPU
		{529543F6-B2D8-4711-BB87-E8C0C2FA8973}.Release|Any CPU.ActiveCfg = Release|Any CPU
		{529543F6-B2D8-4711-BB87-E8C0C2FA8973}.Release|Any CPU.Build.0 = Release|Any CPU
		{07E272A2-42BE-476E-813F-3D7A6549BA90}.Debug|Any CPU.ActiveCfg = Debug|Any CPU
		{07E272A2-42BE-476E-813F-3D7A6549BA90}.Debug|Any CPU.Build.0 = Debug|Any CPU
		{07E272A2-42BE-476E-813F-3D7A6549BA90}.Release|Any CPU.ActiveCfg = Release|Any CPU
		{07E272A2-42BE-476E-813F-3D7A6549BA90}.Release|Any CPU.Build.0 = Release|Any CPU
		{C41BFB42-8757-4B7D-826E-2962E81603E6}.Debug|Any CPU.ActiveCfg = Debug|Any CPU
		{C41BFB42-8757-4B7D-826E-2962E81603E6}.Debug|Any CPU.Build.0 = Debug|Any CPU
		{C41BFB42-8757-4B7D-826E-2962E81603E6}.Release|Any CPU.ActiveCfg = Release|Any CPU
		{C41BFB42-8757-4B7D-826E-2962E81603E6}.Release|Any CPU.Build.0 = Release|Any CPU
	EndGlobalSection
	GlobalSection(SolutionProperties) = preSolution
		HideSolutionNode = FALSE
	EndGlobalSection
	GlobalSection(NestedProjects) = preSolution
		{411AA945-BFAA-401E-9F79-0DA508C70832} = {88561228-C8EC-4027-9499-1467CF9177F3}
		{6993C32B-4292-4873-858F-A5400E39DE51} = {23166A99-EBB2-4454-AA65-49B7E47A34D0}
		{AB0AC94B-FB63-4CF9-AA32-4C4CC9D32EE8} = {88561228-C8EC-4027-9499-1467CF9177F3}
		{1B06F0CA-D3E3-4B5E-8111-717CBD65DE3B} = {C2512693-08F0-4B30-A2EA-F9B773BD7AC8}
		{274FEAE2-4F63-405C-9EC4-6F456297C5BA} = {C2512693-08F0-4B30-A2EA-F9B773BD7AC8}
		{529543F6-B2D8-4711-BB87-E8C0C2FA8973} = {24C12005-3FB6-4417-869A-3F099E245D66}
		{07E272A2-42BE-476E-813F-3D7A6549BA90} = {24C12005-3FB6-4417-869A-3F099E245D66}
		{C41BFB42-8757-4B7D-826E-2962E81603E6} = {23166A99-EBB2-4454-AA65-49B7E47A34D0}
	EndGlobalSection
EndGlobal
